// !$*UTF8*$!
{
	archiveVersion = 1;
	classes = {
	};
	objectVersion = 55;
	objects = {

/* Begin PBXBuildFile section */
		F0BD09EE27A5D36700C15B95 /* EMT information1.swift in Sources */ = {isa = PBXBuildFile; fileRef = F0BD09ED27A5D36700C15B95 /* EMT information1.swift */; };
		F0BD09F227A5F63D00C15B95 /* EMT information1.swift in Sources */ = {isa = PBXBuildFile; fileRef = F0BD09ED27A5D36700C15B95 /* EMT information1.swift */; };
		F0BD09F427A5F66100C15B95 /* History.swift in Sources */ = {isa = PBXBuildFile; fileRef = F0BD09F327A5F66100C15B95 /* History.swift */; };
		F0BD09F527A5F66100C15B95 /* History.swift in Sources */ = {isa = PBXBuildFile; fileRef = F0BD09F327A5F66100C15B95 /* History.swift */; };
		F0BD09FD27A6729B00C15B95 /* DataforHistory.swift in Sources */ = {isa = PBXBuildFile; fileRef = F0BD09FC27A6729B00C15B95 /* DataforHistory.swift */; };
		F0BD09FE27A6729B00C15B95 /* DataforHistory.swift in Sources */ = {isa = PBXBuildFile; fileRef = F0BD09FC27A6729B00C15B95 /* DataforHistory.swift */; };
		F0BD0A0027A689A900C15B95 /* HistoryDetail.swift in Sources */ = {isa = PBXBuildFile; fileRef = F0BD09FF27A689A900C15B95 /* HistoryDetail.swift */; };
		F0BD0A0127A689A900C15B95 /* HistoryDetail.swift in Sources */ = {isa = PBXBuildFile; fileRef = F0BD09FF27A689A900C15B95 /* HistoryDetail.swift */; };
		F0EEEDC0279E671F00809158 /* Tests_iOS.swift in Sources */ = {isa = PBXBuildFile; fileRef = F0EEEDBF279E671F00809158 /* Tests_iOS.swift */; };
		F0EEEDC2279E671F00809158 /* Tests_iOSLaunchTests.swift in Sources */ = {isa = PBXBuildFile; fileRef = F0EEEDC1279E671F00809158 /* Tests_iOSLaunchTests.swift */; };
		F0EEEDCC279E671F00809158 /* Tests_macOS.swift in Sources */ = {isa = PBXBuildFile; fileRef = F0EEEDCB279E671F00809158 /* Tests_macOS.swift */; };
		F0EEEDCE279E671F00809158 /* Tests_macOSLaunchTests.swift in Sources */ = {isa = PBXBuildFile; fileRef = F0EEEDCD279E671F00809158 /* Tests_macOSLaunchTests.swift */; };
		F0EEEDCF279E671F00809158 /* test1App.swift in Sources */ = {isa = PBXBuildFile; fileRef = F0EEEDA7279E671B00809158 /* test1App.swift */; };
		F0EEEDD0279E671F00809158 /* test1App.swift in Sources */ = {isa = PBXBuildFile; fileRef = F0EEEDA7279E671B00809158 /* test1App.swift */; };
		F0EEEDD1279E671F00809158 /* ContentView.swift in Sources */ = {isa = PBXBuildFile; fileRef = F0EEEDA8279E671B00809158 /* ContentView.swift */; };
		F0EEEDD2279E671F00809158 /* ContentView.swift in Sources */ = {isa = PBXBuildFile; fileRef = F0EEEDA8279E671B00809158 /* ContentView.swift */; };
		F0EEEDD3279E671F00809158 /* Assets.xcassets in Resources */ = {isa = PBXBuildFile; fileRef = F0EEEDA9279E671F00809158 /* Assets.xcassets */; };
		F0EEEDD4279E671F00809158 /* Assets.xcassets in Resources */ = {isa = PBXBuildFile; fileRef = F0EEEDA9279E671F00809158 /* Assets.xcassets */; };
/* End PBXBuildFile section */

/* Begin PBXContainerItemProxy section */
		F0EEEDBC279E671F00809158 /* PBXContainerItemProxy */ = {
			isa = PBXContainerItemProxy;
			containerPortal = F0EEEDA2279E671B00809158 /* Project object */;
			proxyType = 1;
			remoteGlobalIDString = F0EEEDAD279E671F00809158;
			remoteInfo = "test1 (iOS)";
		};
		F0EEEDC8279E671F00809158 /* PBXContainerItemProxy */ = {
			isa = PBXContainerItemProxy;
			containerPortal = F0EEEDA2279E671B00809158 /* Project object */;
			proxyType = 1;
			remoteGlobalIDString = F0EEEDB3279E671F00809158;
			remoteInfo = "test1 (macOS)";
		};
/* End PBXContainerItemProxy section */

/* Begin PBXFileReference section */
		F0BD09ED27A5D36700C15B95 /* EMT information1.swift */ = {isa = PBXFileReference; lastKnownFileType = sourcecode.swift; path = "EMT information1.swift"; sourceTree = "<group>"; };
		F0BD09F327A5F66100C15B95 /* History.swift */ = {isa = PBXFileReference; lastKnownFileType = sourcecode.swift; path = History.swift; sourceTree = "<group>"; };
		F0BD09FC27A6729B00C15B95 /* DataforHistory.swift */ = {isa = PBXFileReference; lastKnownFileType = sourcecode.swift; path = DataforHistory.swift; sourceTree = "<group>"; };
		F0BD09FF27A689A900C15B95 /* HistoryDetail.swift */ = {isa = PBXFileReference; lastKnownFileType = sourcecode.swift; path = HistoryDetail.swift; sourceTree = "<group>"; };
		F0EEEDA7279E671B00809158 /* test1App.swift */ = {isa = PBXFileReference; lastKnownFileType = sourcecode.swift; path = test1App.swift; sourceTree = "<group>"; };
		F0EEEDA8279E671B00809158 /* ContentView.swift */ = {isa = PBXFileReference; lastKnownFileType = sourcecode.swift; path = ContentView.swift; sourceTree = "<group>"; };
		F0EEEDA9279E671F00809158 /* Assets.xcassets */ = {isa = PBXFileReference; lastKnownFileType = folder.assetcatalog; path = Assets.xcassets; sourceTree = "<group>"; };
		F0EEEDAE279E671F00809158 /* test1.app */ = {isa = PBXFileReference; explicitFileType = wrapper.application; includeInIndex = 0; path = test1.app; sourceTree = BUILT_PRODUCTS_DIR; };
		F0EEEDB4279E671F00809158 /* test1.app */ = {isa = PBXFileReference; explicitFileType = wrapper.application; includeInIndex = 0; path = test1.app; sourceTree = BUILT_PRODUCTS_DIR; };
		F0EEEDB6279E671F00809158 /* macOS.entitlements */ = {isa = PBXFileReference; lastKnownFileType = text.plist.entitlements; path = macOS.entitlements; sourceTree = "<group>"; };
		F0EEEDBB279E671F00809158 /* Tests iOS.xctest */ = {isa = PBXFileReference; explicitFileType = wrapper.cfbundle; includeInIndex = 0; path = "Tests iOS.xctest"; sourceTree = BUILT_PRODUCTS_DIR; };
		F0EEEDBF279E671F00809158 /* Tests_iOS.swift */ = {isa = PBXFileReference; lastKnownFileType = sourcecode.swift; path = Tests_iOS.swift; sourceTree = "<group>"; };
		F0EEEDC1279E671F00809158 /* Tests_iOSLaunchTests.swift */ = {isa = PBXFileReference; lastKnownFileType = sourcecode.swift; path = Tests_iOSLaunchTests.swift; sourceTree = "<group>"; };
		F0EEEDC7279E671F00809158 /* Tests macOS.xctest */ = {isa = PBXFileReference; explicitFileType = wrapper.cfbundle; includeInIndex = 0; path = "Tests macOS.xctest"; sourceTree = BUILT_PRODUCTS_DIR; };
		F0EEEDCB279E671F00809158 /* Tests_macOS.swift */ = {isa = PBXFileReference; lastKnownFileType = sourcecode.swift; path = Tests_macOS.swift; sourceTree = "<group>"; };
		F0EEEDCD279E671F00809158 /* Tests_macOSLaunchTests.swift */ = {isa = PBXFileReference; lastKnownFileType = sourcecode.swift; path = Tests_macOSLaunchTests.swift; sourceTree = "<group>"; };
/* End PBXFileReference section */

/* Begin PBXFrameworksBuildPhase section */
		F0EEEDAB279E671F00809158 /* Frameworks */ = {
			isa = PBXFrameworksBuildPhase;
			buildActionMask = 2147483647;
			files = (
			);
			runOnlyForDeploymentPostprocessing = 0;
		};
		F0EEEDB1279E671F00809158 /* Frameworks */ = {
			isa = PBXFrameworksBuildPhase;
			buildActionMask = 2147483647;
			files = (
			);
			runOnlyForDeploymentPostprocessing = 0;
		};
		F0EEEDB8279E671F00809158 /* Frameworks */ = {
			isa = PBXFrameworksBuildPhase;
			buildActionMask = 2147483647;
			files = (
			);
			runOnlyForDeploymentPostprocessing = 0;
		};
		F0EEEDC4279E671F00809158 /* Frameworks */ = {
			isa = PBXFrameworksBuildPhase;
			buildActionMask = 2147483647;
			files = (
			);
			runOnlyForDeploymentPostprocessing = 0;
		};
/* End PBXFrameworksBuildPhase section */

/* Begin PBXGroup section */
		F0EEEDA1279E671B00809158 = {
			isa = PBXGroup;
			children = (
				F0EEEDA6279E671B00809158 /* Shared */,
				F0EEEDB5279E671F00809158 /* macOS */,
				F0EEEDBE279E671F00809158 /* Tests iOS */,
				F0EEEDCA279E671F00809158 /* Tests macOS */,
				F0EEEDAF279E671F00809158 /* Products */,
			);
			sourceTree = "<group>";
		};
		F0EEEDA6279E671B00809158 /* Shared */ = {
			isa = PBXGroup;
			children = (
				F0EEEDA7279E671B00809158 /* test1App.swift */,
				F0BD09ED27A5D36700C15B95 /* EMT information1.swift */,
				F0EEEDA8279E671B00809158 /* ContentView.swift */,
				F0BD09FC27A6729B00C15B95 /* DataforHistory.swift */,
				F0BD09F327A5F66100C15B95 /* History.swift */,
				F0BD09FF27A689A900C15B95 /* HistoryDetail.swift */,
				F0EEEDA9279E671F00809158 /* Assets.xcassets */,
			);
			path = Shared;
			sourceTree = "<group>";
		};
		F0EEEDAF279E671F00809158 /* Products */ = {
			isa = PBXGroup;
			children = (
				F0EEEDAE279E671F00809158 /* test1.app */,
				F0EEEDB4279E671F00809158 /* test1.app */,
				F0EEEDBB279E671F00809158 /* Tests iOS.xctest */,
				F0EEEDC7279E671F00809158 /* Tests macOS.xctest */,
			);
			name = Products;
			sourceTree = "<group>";
		};
		F0EEEDB5279E671F00809158 /* macOS */ = {
			isa = PBXGroup;
			children = (
				F0EEEDB6279E671F00809158 /* macOS.entitlements */,
			);
			path = macOS;
			sourceTree = "<group>";
		};
		F0EEEDBE279E671F00809158 /* Tests iOS */ = {
			isa = PBXGroup;
			children = (
				F0EEEDBF279E671F00809158 /* Tests_iOS.swift */,
				F0EEEDC1279E671F00809158 /* Tests_iOSLaunchTests.swift */,
			);
			path = "Tests iOS";
			sourceTree = "<group>";
		};
		F0EEEDCA279E671F00809158 /* Tests macOS */ = {
			isa = PBXGroup;
			children = (
				F0EEEDCB279E671F00809158 /* Tests_macOS.swift */,
				F0EEEDCD279E671F00809158 /* Tests_macOSLaunchTests.swift */,
			);
			path = "Tests macOS";
			sourceTree = "<group>";
		};
/* End PBXGroup section */

/* Begin PBXNativeTarget section */
		F0EEEDAD279E671F00809158 /* test1 (iOS) */ = {
			isa = PBXNativeTarget;
			buildConfigurationList = F0EEEDD7279E671F00809158 /* Build configuration list for PBXNativeTarget "test1 (iOS)" */;
			buildPhases = (
				F0EEEDAA279E671F00809158 /* Sources */,
				F0EEEDAB279E671F00809158 /* Frameworks */,
				F0EEEDAC279E671F00809158 /* Resources */,
			);
			buildRules = (
			);
			dependencies = (
			);
			name = "test1 (iOS)";
			productName = "test1 (iOS)";
			productReference = F0EEEDAE279E671F00809158 /* test1.app */;
			productType = "com.apple.product-type.application";
		};
		F0EEEDB3279E671F00809158 /* test1 (macOS) */ = {
			isa = PBXNativeTarget;
			buildConfigurationList = F0EEEDDA279E671F00809158 /* Build configuration list for PBXNativeTarget "test1 (macOS)" */;
			buildPhases = (
				F0EEEDB0279E671F00809158 /* Sources */,
				F0EEEDB1279E671F00809158 /* Frameworks */,
				F0EEEDB2279E671F00809158 /* Resources */,
			);
			buildRules = (
			);
			dependencies = (
			);
			name = "test1 (macOS)";
			productName = "test1 (macOS)";
			productReference = F0EEEDB4279E671F00809158 /* test1.app */;
			productType = "com.apple.product-type.application";
		};
		F0EEEDBA279E671F00809158 /* Tests iOS */ = {
			isa = PBXNativeTarget;
			buildConfigurationList = F0EEEDDD279E671F00809158 /* Build configuration list for PBXNativeTarget "Tests iOS" */;
			buildPhases = (
				F0EEEDB7279E671F00809158 /* Sources */,
				F0EEEDB8279E671F00809158 /* Frameworks */,
				F0EEEDB9279E671F00809158 /* Resources */,
			);
			buildRules = (
			);
			dependencies = (
				F0EEEDBD279E671F00809158 /* PBXTargetDependency */,
			);
			name = "Tests iOS";
			productName = "Tests iOS";
			productReference = F0EEEDBB279E671F00809158 /* Tests iOS.xctest */;
			productType = "com.apple.product-type.bundle.ui-testing";
		};
		F0EEEDC6279E671F00809158 /* Tests macOS */ = {
			isa = PBXNativeTarget;
			buildConfigurationList = F0EEEDE0279E671F00809158 /* Build configuration list for PBXNativeTarget "Tests macOS" */;
			buildPhases = (
				F0EEEDC3279E671F00809158 /* Sources */,
				F0EEEDC4279E671F00809158 /* Frameworks */,
				F0EEEDC5279E671F00809158 /* Resources */,
			);
			buildRules = (
			);
			dependencies = (
				F0EEEDC9279E671F00809158 /* PBXTargetDependency */,
			);
			name = "Tests macOS";
			productName = "Tests macOS";
			productReference = F0EEEDC7279E671F00809158 /* Tests macOS.xctest */;
			productType = "com.apple.product-type.bundle.ui-testing";
		};
/* End PBXNativeTarget section */

/* Begin PBXProject section */
		F0EEEDA2279E671B00809158 /* Project object */ = {
			isa = PBXProject;
			attributes = {
				BuildIndependentTargetsInParallel = 1;
				LastSwiftUpdateCheck = 1320;
				LastUpgradeCheck = 1320;
				TargetAttributes = {
					F0EEEDAD279E671F00809158 = {
						CreatedOnToolsVersion = 13.2;
					};
					F0EEEDB3279E671F00809158 = {
						CreatedOnToolsVersion = 13.2;
					};
					F0EEEDBA279E671F00809158 = {
						CreatedOnToolsVersion = 13.2;
						TestTargetID = F0EEEDAD279E671F00809158;
					};
					F0EEEDC6279E671F00809158 = {
						CreatedOnToolsVersion = 13.2;
						TestTargetID = F0EEEDB3279E671F00809158;
					};
				};
			};
			buildConfigurationList = F0EEEDA5279E671B00809158 /* Build configuration list for PBXProject "test1" */;
			compatibilityVersion = "Xcode 13.0";
			developmentRegion = en;
			hasScannedForEncodings = 0;
			knownRegions = (
				en,
				Base,
			);
			mainGroup = F0EEEDA1279E671B00809158;
			productRefGroup = F0EEEDAF279E671F00809158 /* Products */;
			projectDirPath = "";
			projectRoot = "";
			targets = (
				F0EEEDAD279E671F00809158 /* test1 (iOS) */,
				F0EEEDB3279E671F00809158 /* test1 (macOS) */,
				F0EEEDBA279E671F00809158 /* Tests iOS */,
				F0EEEDC6279E671F00809158 /* Tests macOS */,
			);
		};
/* End PBXProject section */

/* Begin PBXResourcesBuildPhase section */
		F0EEEDAC279E671F00809158 /* Resources */ = {
			isa = PBXResourcesBuildPhase;
			buildActionMask = 2147483647;
			files = (
				F0EEEDD3279E671F00809158 /* Assets.xcassets in Resources */,
			);
			runOnlyForDeploymentPostprocessing = 0;
		};
		F0EEEDB2279E671F00809158 /* Resources */ = {
			isa = PBXResourcesBuildPhase;
			buildActionMask = 2147483647;
			files = (
				F0EEEDD4279E671F00809158 /* Assets.xcassets in Resources */,
			);
			runOnlyForDeploymentPostprocessing = 0;
		};
		F0EEEDB9279E671F00809158 /* Resources */ = {
			isa = PBXResourcesBuildPhase;
			buildActionMask = 2147483647;
			files = (
			);
			runOnlyForDeploymentPostprocessing = 0;
		};
		F0EEEDC5279E671F00809158 /* Resources */ = {
			isa = PBXResourcesBuildPhase;
			buildActionMask = 2147483647;
			files = (
			);
			runOnlyForDeploymentPostprocessing = 0;
		};
/* End PBXResourcesBuildPhase section */

/* Begin PBXSourcesBuildPhase section */
		F0EEEDAA279E671F00809158 /* Sources */ = {
			isa = PBXSourcesBuildPhase;
			buildActionMask = 2147483647;
			files = (
				F0EEEDD1279E671F00809158 /* ContentView.swift in Sources */,
				F0BD09FD27A6729B00C15B95 /* DataforHistory.swift in Sources */,
				F0EEEDCF279E671F00809158 /* test1App.swift in Sources */,
				F0BD09F427A5F66100C15B95 /* History.swift in Sources */,
				F0BD09EE27A5D36700C15B95 /* EMT information1.swift in Sources */,
				F0BD0A0027A689A900C15B95 /* HistoryDetail.swift in Sources */,
			);
			runOnlyForDeploymentPostprocessing = 0;
		};
		F0EEEDB0279E671F00809158 /* Sources */ = {
			isa = PBXSourcesBuildPhase;
			buildActionMask = 2147483647;
			files = (
				F0EEEDD2279E671F00809158 /* ContentView.swift in Sources */,
				F0BD09FE27A6729B00C15B95 /* DataforHistory.swift in Sources */,
				F0EEEDD0279E671F00809158 /* test1App.swift in Sources */,
				F0BD09F527A5F66100C15B95 /* History.swift in Sources */,
				F0BD09F227A5F63D00C15B95 /* EMT information1.swift in Sources */,
				F0BD0A0127A689A900C15B95 /* HistoryDetail.swift in Sources */,
			);
			runOnlyForDeploymentPostprocessing = 0;
		};
		F0EEEDB7279E671F00809158 /* Sources */ = {
			isa = PBXSourcesBuildPhase;
			buildActionMask = 2147483647;
			files = (
				F0EEEDC2279E671F00809158 /* Tests_iOSLaunchTests.swift in Sources */,
				F0EEEDC0279E671F00809158 /* Tests_iOS.swift in Sources */,
			);
			runOnlyForDeploymentPostprocessing = 0;
		};
		F0EEEDC3279E671F00809158 /* Sources */ = {
			isa = PBXSourcesBuildPhase;
			buildActionMask = 2147483647;
			files = (
				F0EEEDCE279E671F00809158 /* Tests_macOSLaunchTests.swift in Sources */,
				F0EEEDCC279E671F00809158 /* Tests_macOS.swift in Sources */,
			);
			runOnlyForDeploymentPostprocessing = 0;
		};
/* End PBXSourcesBuildPhase section */

/* Begin PBXTargetDependency section */
		F0EEEDBD279E671F00809158 /* PBXTargetDependency */ = {
			isa = PBXTargetDependency;
			target = F0EEEDAD279E671F00809158 /* test1 (iOS) */;
			targetProxy = F0EEEDBC279E671F00809158 /* PBXContainerItemProxy */;
		};
		F0EEEDC9279E671F00809158 /* PBXTargetDependency */ = {
			isa = PBXTargetDependency;
			target = F0EEEDB3279E671F00809158 /* test1 (macOS) */;
			targetProxy = F0EEEDC8279E671F00809158 /* PBXContainerItemProxy */;
		};
/* End PBXTargetDependency section */

/* Begin XCBuildConfiguration section */
		F0EEEDD5279E671F00809158 /* Debug */ = {
			isa = XCBuildConfiguration;
			buildSettings = {
				ALWAYS_SEARCH_USER_PATHS = NO;
				CLANG_ANALYZER_NONNULL = YES;
				CLANG_ANALYZER_NUMBER_OBJECT_CONVERSION = YES_AGGRESSIVE;
				CLANG_CXX_LANGUAGE_STANDARD = "gnu++17";
				CLANG_CXX_LIBRARY = "libc++";
				CLANG_ENABLE_MODULES = YES;
				CLANG_ENABLE_OBJC_ARC = YES;
				CLANG_ENABLE_OBJC_WEAK = YES;
				CLANG_WARN_BLOCK_CAPTURE_AUTORELEASING = YES;
				CLANG_WARN_BOOL_CONVERSION = YES;
				CLANG_WARN_COMMA = YES;
				CLANG_WARN_CONSTANT_CONVERSION = YES;
				CLANG_WARN_DEPRECATED_OBJC_IMPLEMENTATIONS = YES;
				CLANG_WARN_DIRECT_OBJC_ISA_USAGE = YES_ERROR;
				CLANG_WARN_DOCUMENTATION_COMMENTS = YES;
				CLANG_WARN_EMPTY_BODY = YES;
				CLANG_WARN_ENUM_CONVERSION = YES;
				CLANG_WARN_INFINITE_RECURSION = YES;
				CLANG_WARN_INT_CONVERSION = YES;
				CLANG_WARN_NON_LITERAL_NULL_CONVERSION = YES;
				CLANG_WARN_OBJC_IMPLICIT_RETAIN_SELF = YES;
				CLANG_WARN_OBJC_LITERAL_CONVERSION = YES;
				CLANG_WARN_OBJC_ROOT_CLASS = YES_ERROR;
				CLANG_WARN_QUOTED_INCLUDE_IN_FRAMEWORK_HEADER = YES;
				CLANG_WARN_RANGE_LOOP_ANALYSIS = YES;
				CLANG_WARN_STRICT_PROTOTYPES = YES;
				CLANG_WARN_SUSPICIOUS_MOVE = YES;
				CLANG_WARN_UNGUARDED_AVAILABILITY = YES_AGGRESSIVE;
				CLANG_WARN_UNREACHABLE_CODE = YES;
				CLANG_WARN__DUPLICATE_METHOD_MATCH = YES;
				COPY_PHASE_STRIP = NO;
				DEBUG_INFORMATION_FORMAT = dwarf;
				ENABLE_STRICT_OBJC_MSGSEND = YES;
				ENABLE_TESTABILITY = YES;
				GCC_C_LANGUAGE_STANDARD = gnu11;
				GCC_DYNAMIC_NO_PIC = NO;
				GCC_NO_COMMON_BLOCKS = YES;
				GCC_OPTIMIZATION_LEVEL = 0;
				GCC_PREPROCESSOR_DEFINITIONS = (
					"DEBUG=1",
					"$(inherited)",
				);
				GCC_WARN_64_TO_32_BIT_CONVERSION = YES;
				GCC_WARN_ABOUT_RETURN_TYPE = YES_ERROR;
				GCC_WARN_UNDECLARED_SELECTOR = YES;
				GCC_WARN_UNINITIALIZED_AUTOS = YES_AGGRESSIVE;
				GCC_WARN_UNUSED_FUNCTION = YES;
				GCC_WARN_UNUSED_VARIABLE = YES;
				MTL_ENABLE_DEBUG_INFO = INCLUDE_SOURCE;
				MTL_FAST_MATH = YES;
				ONLY_ACTIVE_ARCH = YES;
				SWIFT_ACTIVE_COMPILATION_CONDITIONS = DEBUG;
				SWIFT_OPTIMIZATION_LEVEL = "-Onone";
			};
			name = Debug;
		};
		F0EEEDD6279E671F00809158 /* Release */ = {
			isa = XCBuildConfiguration;
			buildSettings = {
				ALWAYS_SEARCH_USER_PATHS = NO;
				CLANG_ANALYZER_NONNULL = YES;
				CLANG_ANALYZER_NUMBER_OBJECT_CONVERSION = YES_AGGRESSIVE;
				CLANG_CXX_LANGUAGE_STANDARD = "gnu++17";
				CLANG_CXX_LIBRARY = "libc++";
				CLANG_ENABLE_MODULES = YES;
				CLANG_ENABLE_OBJC_ARC = YES;
				CLANG_ENABLE_OBJC_WEAK = YES;
				CLANG_WARN_BLOCK_CAPTURE_AUTORELEASING = YES;
				CLANG_WARN_BOOL_CONVERSION = YES;
				CLANG_WARN_COMMA = YES;
				CLANG_WARN_CONSTANT_CONVERSION = YES;
				CLANG_WARN_DEPRECATED_OBJC_IMPLEMENTATIONS = YES;
				CLANG_WARN_DIRECT_OBJC_ISA_USAGE = YES_ERROR;
				CLANG_WARN_DOCUMENTATION_COMMENTS = YES;
				CLANG_WARN_EMPTY_BODY = YES;
				CLANG_WARN_ENUM_CONVERSION = YES;
				CLANG_WARN_INFINITE_RECURSION = YES;
				CLANG_WARN_INT_CONVERSION = YES;
				CLANG_WARN_NON_LITERAL_NULL_CONVERSION = YES;
				CLANG_WARN_OBJC_IMPLICIT_RETAIN_SELF = YES;
				CLANG_WARN_OBJC_LITERAL_CONVERSION = YES;
				CLANG_WARN_OBJC_ROOT_CLASS = YES_ERROR;
				CLANG_WARN_QUOTED_INCLUDE_IN_FRAMEWORK_HEADER = YES;
				CLANG_WARN_RANGE_LOOP_ANALYSIS = YES;
				CLANG_WARN_STRICT_PROTOTYPES = YES;
				CLANG_WARN_SUSPICIOUS_MOVE = YES;
				CLANG_WARN_UNGUARDED_AVAILABILITY = YES_AGGRESSIVE;
				CLANG_WARN_UNREACHABLE_CODE = YES;
				CLANG_WARN__DUPLICATE_METHOD_MATCH = YES;
				COPY_PHASE_STRIP = NO;
				DEBUG_INFORMATION_FORMAT = "dwarf-with-dsym";
				ENABLE_NS_ASSERTIONS = NO;
				ENABLE_STRICT_OBJC_MSGSEND = YES;
				GCC_C_LANGUAGE_STANDARD = gnu11;
				GCC_NO_COMMON_BLOCKS = YES;
				GCC_WARN_64_TO_32_BIT_CONVERSION = YES;
				GCC_WARN_ABOUT_RETURN_TYPE = YES_ERROR;
				GCC_WARN_UNDECLARED_SELECTOR = YES;
				GCC_WARN_UNINITIALIZED_AUTOS = YES_AGGRESSIVE;
				GCC_WARN_UNUSED_FUNCTION = YES;
				GCC_WARN_UNUSED_VARIABLE = YES;
				MTL_ENABLE_DEBUG_INFO = NO;
				MTL_FAST_MATH = YES;
				SWIFT_COMPILATION_MODE = wholemodule;
				SWIFT_OPTIMIZATION_LEVEL = "-O";
			};
			name = Release;
		};
		F0EEEDD8279E671F00809158 /* Debug */ = {
			isa = XCBuildConfiguration;
			buildSettings = {
				ASSETCATALOG_COMPILER_APPICON_NAME = AppIcon;
				ASSETCATALOG_COMPILER_GLOBAL_ACCENT_COLOR_NAME = AccentColor;
				CODE_SIGN_STYLE = Automatic;
				CURRENT_PROJECT_VERSION = 1;
				ENABLE_PREVIEWS = YES;
				GENERATE_INFOPLIST_FILE = YES;
				INFOPLIST_KEY_UIApplicationSceneManifest_Generation = YES;
				INFOPLIST_KEY_UIApplicationSupportsIndirectInputEvents = YES;
				INFOPLIST_KEY_UILaunchScreen_Generation = YES;
				INFOPLIST_KEY_UISupportedInterfaceOrientations_iPad = "UIInterfaceOrientationPortrait UIInterfaceOrientationPortraitUpsideDown UIInterfaceOrientationLandscapeLeft UIInterfaceOrientationLandscapeRight";
				INFOPLIST_KEY_UISupportedInterfaceOrientations_iPhone = "UIInterfaceOrientationPortrait UIInterfaceOrientationLandscapeLeft UIInterfaceOrientationLandscapeRight";
				IPHONEOS_DEPLOYMENT_TARGET = 15.2;
				LD_RUNPATH_SEARCH_PATHS = (
					"$(inherited)",
					"@executable_path/Frameworks",
				);
				MARKETING_VERSION = 1.0;
				PRODUCT_BUNDLE_IDENTIFIER = PoyaTung.test1;
				PRODUCT_NAME = test1;
				SDKROOT = iphoneos;
				SWIFT_EMIT_LOC_STRINGS = YES;
				SWIFT_VERSION = 5.0;
				TARGETED_DEVICE_FAMILY = "1,2";
			};
			name = Debug;
		};
		F0EEEDD9279E671F00809158 /* Release */ = {
			isa = XCBuildConfiguration;
			buildSettings = {
				ASSETCATALOG_COMPILER_APPICON_NAME = AppIcon;
				ASSETCATALOG_COMPILER_GLOBAL_ACCENT_COLOR_NAME = AccentColor;
				CODE_SIGN_STYLE = Automatic;
				CURRENT_PROJECT_VERSION = 1;
				ENABLE_PREVIEWS = YES;
				GENERATE_INFOPLIST_FILE = YES;
				INFOPLIST_KEY_UIApplicationSceneManifest_Generation = YES;
				INFOPLIST_KEY_UIApplicationSupportsIndirectInputEvents = YES;
				INFOPLIST_KEY_UILaunchScreen_Generation = YES;
				INFOPLIST_KEY_UISupportedInterfaceOrientations_iPad = "UIInterfaceOrientationPortrait UIInterfaceOrientationPortraitUpsideDown UIInterfaceOrientationLandscapeLeft UIInterfaceOrientationLandscapeRight";
				INFOPLIST_KEY_UISupportedInterfaceOrientations_iPhone = "UIInterfaceOrientationPortrait UIInterfaceOrientationLandscapeLeft UIInterfaceOrientationLandscapeRight";
				IPHONEOS_DEPLOYMENT_TARGET = 15.2;
				LD_RUNPATH_SEARCH_PATHS = (
					"$(inherited)",
					"@executable_path/Frameworks",
				);
				MARKETING_VERSION = 1.0;
				PRODUCT_BUNDLE_IDENTIFIER = PoyaTung.test1;
				PRODUCT_NAME = test1;
				SDKROOT = iphoneos;
				SWIFT_EMIT_LOC_STRINGS = YES;
				SWIFT_VERSION = 5.0;
				TARGETED_DEVICE_FAMILY = "1,2";
				VALIDATE_PRODUCT = YES;
			};
			name = Release;
		};
		F0EEEDDB279E671F00809158 /* Debug */ = {
			isa = XCBuildConfiguration;
			buildSettings = {
				ASSETCATALOG_COMPILER_APPICON_NAME = AppIcon;
				ASSETCATALOG_COMPILER_GLOBAL_ACCENT_COLOR_NAME = AccentColor;
				CODE_SIGN_ENTITLEMENTS = macOS/macOS.entitlements;
				CODE_SIGN_STYLE = Automatic;
				COMBINE_HIDPI_IMAGES = YES;
				CURRENT_PROJECT_VERSION = 1;
				ENABLE_PREVIEWS = YES;
				GENERATE_INFOPLIST_FILE = YES;
				INFOPLIST_KEY_NSHumanReadableCopyright = "";
				LD_RUNPATH_SEARCH_PATHS = (
					"$(inherited)",
					"@executable_path/../Frameworks",
				);
				MACOSX_DEPLOYMENT_TARGET = 12.1;
				MARKETING_VERSION = 1.0;
				PRODUCT_BUNDLE_IDENTIFIER = PoyaTung.test1;
				PRODUCT_NAME = test1;
				SDKROOT = macosx;
				SWIFT_EMIT_LOC_STRINGS = YES;
				SWIFT_VERSION = 5.0;
			};
			name = Debug;
		};
		F0EEEDDC279E671F00809158 /* Release */ = {
			isa = XCBuildConfiguration;
			buildSettings = {
				ASSETCATALOG_COMPILER_APPICON_NAME = AppIcon;
				ASSETCATALOG_COMPILER_GLOBAL_ACCENT_COLOR_NAME = AccentColor;
				CODE_SIGN_ENTITLEMENTS = macOS/macOS.entitlements;
				CODE_SIGN_STYLE = Automatic;
				COMBINE_HIDPI_IMAGES = YES;
				CURRENT_PROJECT_VERSION = 1;
				ENABLE_PREVIEWS = YES;
				GENERATE_INFOPLIST_FILE = YES;
				INFOPLIST_KEY_NSHumanReadableCopyright = "";
				LD_RUNPATH_SEARCH_PATHS = (
					"$(inherited)",
					"@executable_path/../Frameworks",
				);
				MACOSX_DEPLOYMENT_TARGET = 12.1;
				MARKETING_VERSION = 1.0;
				PRODUCT_BUNDLE_IDENTIFIER = PoyaTung.test1;
				PRODUCT_NAME = test1;
				SDKROOT = macosx;
				SWIFT_EMIT_LOC_STRINGS = YES;
				SWIFT_VERSION = 5.0;
			};
			name = Release;
		};
		F0EEEDDE279E671F00809158 /* Debug */ = {
			isa = XCBuildConfiguration;
			buildSettings = {
				ALWAYS_EMBED_SWIFT_STANDARD_LIBRARIES = YES;
				CODE_SIGN_STYLE = Automatic;
				CURRENT_PROJECT_VERSION = 1;
				GENERATE_INFOPLIST_FILE = YES;
				IPHONEOS_DEPLOYMENT_TARGET = 15.2;
				MARKETING_VERSION = 1.0;
				PRODUCT_BUNDLE_IDENTIFIER = "PoyaTung.Tests-iOS";
				PRODUCT_NAME = "$(TARGET_NAME)";
				SDKROOT = iphoneos;
				SWIFT_EMIT_LOC_STRINGS = NO;
				SWIFT_VERSION = 5.0;
				TARGETED_DEVICE_FAMILY = "1,2";
				TEST_TARGET_NAME = "test1 (iOS)";
			};
			name = Debug;
		};
		F0EEEDDF279E671F00809158 /* Release */ = {
			isa = XCBuildConfiguration;
			buildSettings = {
				ALWAYS_EMBED_SWIFT_STANDARD_LIBRARIES = YES;
				CODE_SIGN_STYLE = Automatic;
				CURRENT_PROJECT_VERSION = 1;
				GENERATE_INFOPLIST_FILE = YES;
				IPHONEOS_DEPLOYMENT_TARGET = 15.2;
				MARKETING_VERSION = 1.0;
				PRODUCT_BUNDLE_IDENTIFIER = "PoyaTung.Tests-iOS";
				PRODUCT_NAME = "$(TARGET_NAME)";
				SDKROOT = iphoneos;
				SWIFT_EMIT_LOC_STRINGS = NO;
				SWIFT_VERSION = 5.0;
				TARGETED_DEVICE_FAMILY = "1,2";
				TEST_TARGET_NAME = "test1 (iOS)";
				VALIDATE_PRODUCT = YES;
			};
			name = Release;
		};
		F0EEEDE1279E671F00809158 /* Debug */ = {
			isa = XCBuildConfiguration;
			buildSettings = {
				ALWAYS_EMBED_SWIFT_STANDARD_LIBRARIES = YES;
				CODE_SIGN_STYLE = Automatic;
				CURRENT_PROJECT_VERSION = 1;
				GENERATE_INFOPLIST_FILE = YES;
				MACOSX_DEPLOYMENT_TARGET = 12.1;
				MARKETING_VERSION = 1.0;
				PRODUCT_BUNDLE_IDENTIFIER = "PoyaTung.Tests-macOS";
				PRODUCT_NAME = "$(TARGET_NAME)";
				SDKROOT = macosx;
				SWIFT_EMIT_LOC_STRINGS = NO;
				SWIFT_VERSION = 5.0;
				TEST_TARGET_NAME = "test1 (macOS)";
			};
			name = Debug;
		};
		F0EEEDE2279E671F00809158 /* Release */ = {
			isa = XCBuildConfiguration;
			buildSettings = {
				ALWAYS_EMBED_SWIFT_STANDARD_LIBRARIES = YES;
				CODE_SIGN_STYLE = Automatic;
				CURRENT_PROJECT_VERSION = 1;
				GENERATE_INFOPLIST_FILE = YES;
				MACOSX_DEPLOYMENT_TARGET = 12.1;
				MARKETING_VERSION = 1.0;
				PRODUCT_BUNDLE_IDENTIFIER = "PoyaTung.Tests-macOS";
				PRODUCT_NAME = "$(TARGET_NAME)";
				SDKROOT = macosx;
				SWIFT_EMIT_LOC_STRINGS = NO;
				SWIFT_VERSION = 5.0;
				TEST_TARGET_NAME = "test1 (macOS)";
			};
			name = Release;
		};
/* End XCBuildConfiguration section */

/* Begin XCConfigurationList section */
		F0EEEDA5279E671B00809158 /* Build configuration list for PBXProject "test1" */ = {
			isa = XCConfigurationList;
			buildConfigurations = (
				F0EEEDD5279E671F00809158 /* Debug */,
				F0EEEDD6279E671F00809158 /* Release */,
			);
			defaultConfigurationIsVisible = 0;
			defaultConfigurationName = Release;
		};
		F0EEEDD7279E671F00809158 /* Build configuration list for PBXNativeTarget "test1 (iOS)" */ = {
			isa = XCConfigurationList;
			buildConfigurations = (
				F0EEEDD8279E671F00809158 /* Debug */,
				F0EEEDD9279E671F00809158 /* Release */,
			);
			defaultConfigurationIsVisible = 0;
			defaultConfigurationName = Release;
		};
		F0EEEDDA279E671F00809158 /* Build configuration list for PBXNativeTarget "test1 (macOS)" */ = {
			isa = XCConfigurationList;
			buildConfigurations = (
				F0EEEDDB279E671F00809158 /* Debug */,
				F0EEEDDC279E671F00809158 /* Release */,
			);
			defaultConfigurationIsVisible = 0;
			defaultConfigurationName = Release;
		};
		F0EEEDDD279E671F00809158 /* Build configuration list for PBXNativeTarget "Tests iOS" */ = {
			isa = XCConfigurationList;
			buildConfigurations = (
				F0EEEDDE279E671F00809158 /* Debug */,
				F0EEEDDF279E671F00809158 /* Release */,
			);
			defaultConfigurationIsVisible = 0;
			defaultConfigurationName = Release;
		};
		F0EEEDE0279E671F00809158 /* Build configuration list for PBXNativeTarget "Tests macOS" */ = {
			isa = XCConfigurationList;
			buildConfigurations = (
				F0EEEDE1279E671F00809158 /* Debug */,
				F0EEEDE2279E671F00809158 /* Release */,
			);
			defaultConfigurationIsVisible = 0;
			defaultConfigurationName = Release;
		};
/* End XCConfigurationList section */
	};
	rootObject = F0EEEDA2279E671B00809158 /* Project object */;
}
